
Microsoft Visual Studio Solution File, Format Version 12.00
# Visual Studio Version 17
VisualStudioVersion = 17.14.36119.2 d17.14
MinimumVisualStudioVersion = 10.0.40219.1
Project("{8BC9CEB8-8B4A-11D0-8D11-00A0C91BC942}") = "ox game", "ox game\ox game.vcxproj", "{A3EF5036-9EC0-4C45-BA45-67AC21BB9BEB}"
EndProject
Global
	GlobalSection(SolutionConfigurationPlatforms) = preSolution
		Debug|x64 = Debug|x64
		Debug|x86 = Debug|x86
		Release|x64 = Release|x64
		Release|x86 = Release|x86
	EndGlobalSection
	GlobalSection(ProjectConfigurationPlatforms) = postSolution
		{A3EF5036-9EC0-4C45-BA45-67AC21BB9BEB}.Debug|x64.ActiveCfg = Debug|x64
		{A3EF5036-9EC0-4C45-BA45-67AC21BB9BEB}.Debug|x64.Build.0 = Debug|x64
		{A3EF5036-9EC0-4C45-BA45-67AC21BB9BEB}.Debug|x86.ActiveCfg = Debug|Win32
		{A3EF5036-9EC0-4C45-BA45-67AC21BB9BEB}.Debug|x86.Build.0 = Debug|Win32
		{A3EF5036-9EC0-4C45-BA45-67AC21BB9BEB}.Release|x64.ActiveCfg = Release|x64
		{A3EF5036-9EC0-4C45-BA45-67AC21BB9BEB}.Release|x64.Build.0 = Release|x64
		{A3EF5036-9EC0-4C45-BA45-67AC21BB9BEB}.Release|x86.ActiveCfg = Release|Win32
		{A3EF5036-9EC0-4C45-BA45-67AC21BB9BEB}.Release|x86.Build.0 = Release|Win32
	EndGlobalSection
	GlobalSection(SolutionProperties) = preSolution
		HideSolutionNode = FALSE
	EndGlobalSection
	GlobalSection(ExtensibilityGlobals) = postSolution
		SolutionGuid = {0F6B06B7-2546-437C-A943-7703B967E6CC}
	EndGlobalSection
EndGlobal
